
Microsoft Visual Studio Solution File, Format Version 12.00
# Visual Studio Version 17
VisualStudioVersion = 17.6.33717.318
MinimumVisualStudioVersion = 10.0.40219.1
Project("{2150E333-8FDC-42A3-9474-1A3956D46DE8}") = "Unit2", "Unit2", "{6F5123E8-7DE4-4475-AD42-E515BA0DFD1F}"
EndProject
Project("{2150E333-8FDC-42A3-9474-1A3956D46DE8}") = "Unit3", "Unit3", "{0EDEEA41-9036-4B60-A78D-C3B5FEB1CE13}"
EndProject
Project("{2150E333-8FDC-42A3-9474-1A3956D46DE8}") = "Unit1", "Unit1", "{9923B3CF-144D-4F74-973C-FA6EF9670B3A}"
EndProject
Project("{2150E333-8FDC-42A3-9474-1A3956D46DE8}") = "Unit4", "Unit4", "{04E0D82C-E87F-4DEC-B855-0F848FCAFE09}"
EndProject
Project("{FAE04EC0-301F-11D3-BF4B-00C04F79EFBC}") = "BankManagerV1", "Unit2\BankManagerV1\BankManagerV1.csproj", "{622B768C-E94F-4BEE-9C47-6622213AA944}"
EndProject
Project("{FAE04EC0-301F-11D3-BF4B-00C04F79EFBC}") = "BankManagerV2", "Unit2\BankManagerV2\BankManagerV2.csproj", "{9CAEC634-63B5-4AB1-A004-56CECB54D584}"
EndProject
Project("{FAE04EC0-301F-11D3-BF4B-00C04F79EFBC}") = "Family", "Unit2\Family\Family.csproj", "{F658CEF9-7F24-434F-96B8-F6A5F615EF23}"
EndProject
Project("{FAE04EC0-301F-11D3-BF4B-00C04F79EFBC}") = "InputType", "Unit2\InputType\InputType.csproj", "{0FDABFD1-B7B3-4752-A9C4-09BFCE5329F8}"
EndProject
Project("{FAE04EC0-301F-11D3-BF4B-00C04F79EFBC}") = "WorkersAdminV1", "Unit3\WorkersAdminV1\WorkersAdminV1.csproj", "{B00861BE-2DE1-4373-BBE5-0972CB0673C9}"
EndProject
Project("{FAE04EC0-301F-11D3-BF4B-00C04F79EFBC}") = "WorkersAdminV2", "Unit3\WorkersAdminV2\WorkersAdminV2.csproj", "{E8022625-F694-4535-B210-1A21A7029C69}"
EndProject
Global
	GlobalSection(SolutionConfigurationPlatforms) = preSolution
		Debug|Any CPU = Debug|Any CPU
		Release|Any CPU = Release|Any CPU
	EndGlobalSection
	GlobalSection(ProjectConfigurationPlatforms) = postSolution
		{622B768C-E94F-4BEE-9C47-6622213AA944}.Debug|Any CPU.ActiveCfg = Debug|Any CPU
		{622B768C-E94F-4BEE-9C47-6622213AA944}.Debug|Any CPU.Build.0 = Debug|Any CPU
		{622B768C-E94F-4BEE-9C47-6622213AA944}.Release|Any CPU.ActiveCfg = Release|Any CPU
		{622B768C-E94F-4BEE-9C47-6622213AA944}.Release|Any CPU.Build.0 = Release|Any CPU
		{9CAEC634-63B5-4AB1-A004-56CECB54D584}.Debug|Any CPU.ActiveCfg = Debug|Any CPU
		{9CAEC634-63B5-4AB1-A004-56CECB54D584}.Debug|Any CPU.Build.0 = Debug|Any CPU
		{9CAEC634-63B5-4AB1-A004-56CECB54D584}.Release|Any CPU.ActiveCfg = Release|Any CPU
		{9CAEC634-63B5-4AB1-A004-56CECB54D584}.Release|Any CPU.Build.0 = Release|Any CPU
		{F658CEF9-7F24-434F-96B8-F6A5F615EF23}.Debug|Any CPU.ActiveCfg = Debug|Any CPU
		{F658CEF9-7F24-434F-96B8-F6A5F615EF23}.Debug|Any CPU.Build.0 = Debug|Any CPU
		{F658CEF9-7F24-434F-96B8-F6A5F615EF23}.Release|Any CPU.ActiveCfg = Release|Any CPU
		{F658CEF9-7F24-434F-96B8-F6A5F615EF23}.Release|Any CPU.Build.0 = Release|Any CPU
		{0FDABFD1-B7B3-4752-A9C4-09BFCE5329F8}.Debug|Any CPU.ActiveCfg = Debug|Any CPU
		{0FDABFD1-B7B3-4752-A9C4-09BFCE5329F8}.Debug|Any CPU.Build.0 = Debug|Any CPU
		{0FDABFD1-B7B3-4752-A9C4-09BFCE5329F8}.Release|Any CPU.ActiveCfg = Release|Any CPU
		{0FDABFD1-B7B3-4752-A9C4-09BFCE5329F8}.Release|Any CPU.Build.0 = Release|Any CPU
		{B00861BE-2DE1-4373-BBE5-0972CB0673C9}.Debug|Any CPU.ActiveCfg = Debug|Any CPU
		{B00861BE-2DE1-4373-BBE5-0972CB0673C9}.Debug|Any CPU.Build.0 = Debug|Any CPU
		{B00861BE-2DE1-4373-BBE5-0972CB0673C9}.Release|Any CPU.ActiveCfg = Release|Any CPU
		{B00861BE-2DE1-4373-BBE5-0972CB0673C9}.Release|Any CPU.Build.0 = Release|Any CPU
		{E8022625-F694-4535-B210-1A21A7029C69}.Debug|Any CPU.ActiveCfg = Debug|Any CPU
		{E8022625-F694-4535-B210-1A21A7029C69}.Debug|Any CPU.Build.0 = Debug|Any CPU
		{E8022625-F694-4535-B210-1A21A7029C69}.Release|Any CPU.ActiveCfg = Release|Any CPU
		{E8022625-F694-4535-B210-1A21A7029C69}.Release|Any CPU.Build.0 = Release|Any CPU
	EndGlobalSection
	GlobalSection(SolutionProperties) = preSolution
		HideSolutionNode = FALSE
	EndGlobalSection
	GlobalSection(NestedProjects) = preSolution
		{622B768C-E94F-4BEE-9C47-6622213AA944} = {6F5123E8-7DE4-4475-AD42-E515BA0DFD1F}
		{9CAEC634-63B5-4AB1-A004-56CECB54D584} = {6F5123E8-7DE4-4475-AD42-E515BA0DFD1F}
		{F658CEF9-7F24-434F-96B8-F6A5F615EF23} = {6F5123E8-7DE4-4475-AD42-E515BA0DFD1F}
		{0FDABFD1-B7B3-4752-A9C4-09BFCE5329F8} = {6F5123E8-7DE4-4475-AD42-E515BA0DFD1F}
		{B00861BE-2DE1-4373-BBE5-0972CB0673C9} = {0EDEEA41-9036-4B60-A78D-C3B5FEB1CE13}
		{E8022625-F694-4535-B210-1A21A7029C69} = {0EDEEA41-9036-4B60-A78D-C3B5FEB1CE13}
	EndGlobalSection
	GlobalSection(ExtensibilityGlobals) = postSolution
		SolutionGuid = {78B6DF37-6CF4-49DC-875C-FADC5362C173}
	EndGlobalSection
EndGlobal
